// !$*UTF8*$!
{
	archiveVersion = 1;
	classes = {
	};
	objectVersion = 56;
	objects = {

/* Begin PBXBuildFile section */
		0AE98C34294DD95B00ED65C9 /* AppDelegate.swift in Sources */ = {isa = PBXBuildFile; fileRef = 0AE98C33294DD95B00ED65C9 /* AppDelegate.swift */; };
		0AE98C36294DD95B00ED65C9 /* SceneDelegate.swift in Sources */ = {isa = PBXBuildFile; fileRef = 0AE98C35294DD95B00ED65C9 /* SceneDelegate.swift */; };
		0AE98C38294DD95B00ED65C9 /* ViewController.swift in Sources */ = {isa = PBXBuildFile; fileRef = 0AE98C37294DD95B00ED65C9 /* ViewController.swift */; };
		0AE98C3B294DD95B00ED65C9 /* Main.storyboard in Resources */ = {isa = PBXBuildFile; fileRef = 0AE98C39294DD95B00ED65C9 /* Main.storyboard */; };
		0AE98C3D294DD95D00ED65C9 /* Assets.xcassets in Resources */ = {isa = PBXBuildFile; fileRef = 0AE98C3C294DD95D00ED65C9 /* Assets.xcassets */; };
		0AE98C40294DD95D00ED65C9 /* LaunchScreen.storyboard in Resources */ = {isa = PBXBuildFile; fileRef = 0AE98C3E294DD95D00ED65C9 /* LaunchScreen.storyboard */; };
		0AE98C48294DD9F400ED65C9 /* BaseNavigationController.swift in Sources */ = {isa = PBXBuildFile; fileRef = 0AE98C47294DD9F400ED65C9 /* BaseNavigationController.swift */; };
		0AE98C4B294DDE2700ED65C9 /* SecondViewController.swift in Sources */ = {isa = PBXBuildFile; fileRef = 0AE98C4A294DDE2700ED65C9 /* SecondViewController.swift */; };
		0AE98C4D294DDE5E00ED65C9 /* SecondViewController.storyboard in Resources */ = {isa = PBXBuildFile; fileRef = 0AE98C4C294DDE5E00ED65C9 /* SecondViewController.storyboard */; };
		0AE98C4F294DDE8900ED65C9 /* DefaultViewController.swift in Sources */ = {isa = PBXBuildFile; fileRef = 0AE98C4E294DDE8900ED65C9 /* DefaultViewController.swift */; };
		83318392296298080068A3CE /* LegoViewBlueprint.swift in Sources */ = {isa = PBXBuildFile; fileRef = 83318391296298080068A3CE /* LegoViewBlueprint.swift */; };
		83318394296299CB0068A3CE /* LegoBlockCell.swift in Sources */ = {isa = PBXBuildFile; fileRef = 83318393296299CB0068A3CE /* LegoBlockCell.swift */; };
		83318396296299D50068A3CE /* LegoBlockData.swift in Sources */ = {isa = PBXBuildFile; fileRef = 83318395296299D50068A3CE /* LegoBlockData.swift */; };
		8331839829629AA10068A3CE /* LegoBlock.swift in Sources */ = {isa = PBXBuildFile; fileRef = 8331839729629AA10068A3CE /* LegoBlock.swift */; };
		83ABA2C6294FF2E600A2EC18 /* ThirdViewController.storyboard in Resources */ = {isa = PBXBuildFile; fileRef = 83ABA2C5294FF2E600A2EC18 /* ThirdViewController.storyboard */; };
		83ABA2C8294FF2F200A2EC18 /* ThirdViewController.swift in Sources */ = {isa = PBXBuildFile; fileRef = 83ABA2C7294FF2F200A2EC18 /* ThirdViewController.swift */; };
		83B9B81C29629366002B3BE4 /* LegoBlockViewController.swift in Sources */ = {isa = PBXBuildFile; fileRef = 83B9B81B29629366002B3BE4 /* LegoBlockViewController.swift */; };
		83B9B81E2962964A002B3BE4 /* LegoBlockViewController.storyboard in Resources */ = {isa = PBXBuildFile; fileRef = 83B9B81D2962964A002B3BE4 /* LegoBlockViewController.storyboard */; };
		83EFA31B295A78F500252575 /* LegoCollectionViewController.swift in Sources */ = {isa = PBXBuildFile; fileRef = 83EFA31A295A78F500252575 /* LegoCollectionViewController.swift */; };
		83EFA31D295A791400252575 /* LegoCollectionViewCell.swift in Sources */ = {isa = PBXBuildFile; fileRef = 83EFA31C295A791400252575 /* LegoCollectionViewCell.swift */; };
		83EFA31F295A798900252575 /* LegoCollectionViewCellDelegate.swift in Sources */ = {isa = PBXBuildFile; fileRef = 83EFA31E295A798900252575 /* LegoCollectionViewCellDelegate.swift */; };
		83EFA321295A7BB200252575 /* LegoCollectionViewModel.swift in Sources */ = {isa = PBXBuildFile; fileRef = 83EFA320295A7BB200252575 /* LegoCollectionViewModel.swift */; };
		83EFA323295A7CED00252575 /* LegoCollectionViewController.storyboard in Resources */ = {isa = PBXBuildFile; fileRef = 83EFA322295A7CED00252575 /* LegoCollectionViewController.storyboard */; };
		83EFA325295A8DB200252575 /* LegoCollectionModel.swift in Sources */ = {isa = PBXBuildFile; fileRef = 83EFA324295A8DB200252575 /* LegoCollectionModel.swift */; };
		83EFA327295A8F0700252575 /* LegoCollectionSupplymentaryView.swift in Sources */ = {isa = PBXBuildFile; fileRef = 83EFA326295A8F0700252575 /* LegoCollectionSupplymentaryView.swift */; };
/* End PBXBuildFile section */

/* Begin PBXFileReference section */
		0AE98C30294DD95B00ED65C9 /* UIKitLab.app */ = {isa = PBXFileReference; explicitFileType = wrapper.application; includeInIndex = 0; path = UIKitLab.app; sourceTree = BUILT_PRODUCTS_DIR; };
		0AE98C33294DD95B00ED65C9 /* AppDelegate.swift */ = {isa = PBXFileReference; lastKnownFileType = sourcecode.swift; path = AppDelegate.swift; sourceTree = "<group>"; };
		0AE98C35294DD95B00ED65C9 /* SceneDelegate.swift */ = {isa = PBXFileReference; lastKnownFileType = sourcecode.swift; path = SceneDelegate.swift; sourceTree = "<group>"; };
		0AE98C37294DD95B00ED65C9 /* ViewController.swift */ = {isa = PBXFileReference; lastKnownFileType = sourcecode.swift; path = ViewController.swift; sourceTree = "<group>"; };
		0AE98C3A294DD95B00ED65C9 /* Base */ = {isa = PBXFileReference; lastKnownFileType = file.storyboard; name = Base; path = Base.lproj/Main.storyboard; sourceTree = "<group>"; };
		0AE98C3C294DD95D00ED65C9 /* Assets.xcassets */ = {isa = PBXFileReference; lastKnownFileType = folder.assetcatalog; path = Assets.xcassets; sourceTree = "<group>"; };
		0AE98C3F294DD95D00ED65C9 /* Base */ = {isa = PBXFileReference; lastKnownFileType = file.storyboard; name = Base; path = Base.lproj/LaunchScreen.storyboard; sourceTree = "<group>"; };
		0AE98C41294DD95D00ED65C9 /* Info.plist */ = {isa = PBXFileReference; lastKnownFileType = text.plist.xml; path = Info.plist; sourceTree = "<group>"; };
		0AE98C47294DD9F400ED65C9 /* BaseNavigationController.swift */ = {isa = PBXFileReference; lastKnownFileType = sourcecode.swift; path = BaseNavigationController.swift; sourceTree = "<group>"; };
		0AE98C4A294DDE2700ED65C9 /* SecondViewController.swift */ = {isa = PBXFileReference; lastKnownFileType = sourcecode.swift; path = SecondViewController.swift; sourceTree = "<group>"; };
		0AE98C4C294DDE5E00ED65C9 /* SecondViewController.storyboard */ = {isa = PBXFileReference; lastKnownFileType = file.storyboard; path = SecondViewController.storyboard; sourceTree = "<group>"; };
		0AE98C4E294DDE8900ED65C9 /* DefaultViewController.swift */ = {isa = PBXFileReference; lastKnownFileType = sourcecode.swift; path = DefaultViewController.swift; sourceTree = "<group>"; };
		83318391296298080068A3CE /* LegoViewBlueprint.swift */ = {isa = PBXFileReference; lastKnownFileType = sourcecode.swift; path = LegoViewBlueprint.swift; sourceTree = "<group>"; };
		83318393296299CB0068A3CE /* LegoBlockCell.swift */ = {isa = PBXFileReference; lastKnownFileType = sourcecode.swift; path = LegoBlockCell.swift; sourceTree = "<group>"; };
		83318395296299D50068A3CE /* LegoBlockData.swift */ = {isa = PBXFileReference; lastKnownFileType = sourcecode.swift; path = LegoBlockData.swift; sourceTree = "<group>"; };
		8331839729629AA10068A3CE /* LegoBlock.swift */ = {isa = PBXFileReference; lastKnownFileType = sourcecode.swift; path = LegoBlock.swift; sourceTree = "<group>"; };
		83ABA2C5294FF2E600A2EC18 /* ThirdViewController.storyboard */ = {isa = PBXFileReference; lastKnownFileType = file.storyboard; path = ThirdViewController.storyboard; sourceTree = "<group>"; };
		83ABA2C7294FF2F200A2EC18 /* ThirdViewController.swift */ = {isa = PBXFileReference; lastKnownFileType = sourcecode.swift; path = ThirdViewController.swift; sourceTree = "<group>"; };
		83B9B81B29629366002B3BE4 /* LegoBlockViewController.swift */ = {isa = PBXFileReference; lastKnownFileType = sourcecode.swift; path = LegoBlockViewController.swift; sourceTree = "<group>"; };
		83B9B81D2962964A002B3BE4 /* LegoBlockViewController.storyboard */ = {isa = PBXFileReference; lastKnownFileType = file.storyboard; path = LegoBlockViewController.storyboard; sourceTree = "<group>"; };
		83EFA31A295A78F500252575 /* LegoCollectionViewController.swift */ = {isa = PBXFileReference; lastKnownFileType = sourcecode.swift; path = LegoCollectionViewController.swift; sourceTree = "<group>"; };
		83EFA31C295A791400252575 /* LegoCollectionViewCell.swift */ = {isa = PBXFileReference; lastKnownFileType = sourcecode.swift; path = LegoCollectionViewCell.swift; sourceTree = "<group>"; };
		83EFA31E295A798900252575 /* LegoCollectionViewCellDelegate.swift */ = {isa = PBXFileReference; lastKnownFileType = sourcecode.swift; path = LegoCollectionViewCellDelegate.swift; sourceTree = "<group>"; };
		83EFA320295A7BB200252575 /* LegoCollectionViewModel.swift */ = {isa = PBXFileReference; lastKnownFileType = sourcecode.swift; path = LegoCollectionViewModel.swift; sourceTree = "<group>"; };
		83EFA322295A7CED00252575 /* LegoCollectionViewController.storyboard */ = {isa = PBXFileReference; lastKnownFileType = file.storyboard; path = LegoCollectionViewController.storyboard; sourceTree = "<group>"; };
		83EFA324295A8DB200252575 /* LegoCollectionModel.swift */ = {isa = PBXFileReference; lastKnownFileType = sourcecode.swift; path = LegoCollectionModel.swift; sourceTree = "<group>"; };
		83EFA326295A8F0700252575 /* LegoCollectionSupplymentaryView.swift */ = {isa = PBXFileReference; lastKnownFileType = sourcecode.swift; path = LegoCollectionSupplymentaryView.swift; sourceTree = "<group>"; };
/* End PBXFileReference section */

/* Begin PBXFrameworksBuildPhase section */
		0AE98C2D294DD95B00ED65C9 /* Frameworks */ = {
			isa = PBXFrameworksBuildPhase;
			buildActionMask = 2147483647;
			files = (
			);
			runOnlyForDeploymentPostprocessing = 0;
		};
/* End PBXFrameworksBuildPhase section */

/* Begin PBXGroup section */
		0AE98C27294DD95B00ED65C9 = {
			isa = PBXGroup;
			children = (
				0AE98C32294DD95B00ED65C9 /* UIKitLab */,
				0AE98C31294DD95B00ED65C9 /* Products */,
			);
			sourceTree = "<group>";
		};
		0AE98C31294DD95B00ED65C9 /* Products */ = {
			isa = PBXGroup;
			children = (
				0AE98C30294DD95B00ED65C9 /* UIKitLab.app */,
			);
			name = Products;
			sourceTree = "<group>";
		};
		0AE98C32294DD95B00ED65C9 /* UIKitLab */ = {
			isa = PBXGroup;
			children = (
				0AE98C33294DD95B00ED65C9 /* AppDelegate.swift */,
				0AE98C35294DD95B00ED65C9 /* SceneDelegate.swift */,
				0AE98C49294DDBB900ED65C9 /* MPSNavigationController */,
				83B9B81A29629332002B3BE4 /* LegoBlockViewController */,
				83EFA319295A78DC00252575 /* LegoCollectionViewController_deprecate */,
				0AE98C3C294DD95D00ED65C9 /* Assets.xcassets */,
				0AE98C3E294DD95D00ED65C9 /* LaunchScreen.storyboard */,
				0AE98C41294DD95D00ED65C9 /* Info.plist */,
			);
			path = UIKitLab;
			sourceTree = "<group>";
		};
		0AE98C49294DDBB900ED65C9 /* MPSNavigationController */ = {
			isa = PBXGroup;
			children = (
				0AE98C4E294DDE8900ED65C9 /* DefaultViewController.swift */,
				0AE98C47294DD9F400ED65C9 /* BaseNavigationController.swift */,
				0AE98C37294DD95B00ED65C9 /* ViewController.swift */,
				0AE98C4A294DDE2700ED65C9 /* SecondViewController.swift */,
				83ABA2C7294FF2F200A2EC18 /* ThirdViewController.swift */,
				0AE98C39294DD95B00ED65C9 /* Main.storyboard */,
				0AE98C4C294DDE5E00ED65C9 /* SecondViewController.storyboard */,
				83ABA2C5294FF2E600A2EC18 /* ThirdViewController.storyboard */,
			);
			path = MPSNavigationController;
			sourceTree = "<group>";
		};
		83B9B81A29629332002B3BE4 /* LegoBlockViewController */ = {
			isa = PBXGroup;
			children = (
				83B9B81B29629366002B3BE4 /* LegoBlockViewController.swift */,
				83318391296298080068A3CE /* LegoViewBlueprint.swift */,
				8331839729629AA10068A3CE /* LegoBlock.swift */,
				83318393296299CB0068A3CE /* LegoBlockCell.swift */,
				83318395296299D50068A3CE /* LegoBlockData.swift */,
				83B9B81D2962964A002B3BE4 /* LegoBlockViewController.storyboard */,
			);
			path = LegoBlockViewController;
			sourceTree = "<group>";
		};
		83EFA319295A78DC00252575 /* LegoCollectionViewController_deprecate */ = {
			isa = PBXGroup;
			children = (
				83EFA31A295A78F500252575 /* LegoCollectionViewController.swift */,
				83EFA322295A7CED00252575 /* LegoCollectionViewController.storyboard */,
				83EFA31C295A791400252575 /* LegoCollectionViewCell.swift */,
				83EFA326295A8F0700252575 /* LegoCollectionSupplymentaryView.swift */,
				83EFA320295A7BB200252575 /* LegoCollectionViewModel.swift */,
				83EFA31E295A798900252575 /* LegoCollectionViewCellDelegate.swift */,
				83EFA324295A8DB200252575 /* LegoCollectionModel.swift */,
			);
			path = LegoCollectionViewController_deprecate;
			sourceTree = "<group>";
		};
/* End PBXGroup section */

/* Begin PBXNativeTarget section */
		0AE98C2F294DD95B00ED65C9 /* UIKitLab */ = {
			isa = PBXNativeTarget;
			buildConfigurationList = 0AE98C44294DD95D00ED65C9 /* Build configuration list for PBXNativeTarget "UIKitLab" */;
			buildPhases = (
				0AE98C2C294DD95B00ED65C9 /* Sources */,
				0AE98C2D294DD95B00ED65C9 /* Frameworks */,
				0AE98C2E294DD95B00ED65C9 /* Resources */,
			);
			buildRules = (
			);
			dependencies = (
			);
			name = UIKitLab;
			productName = UIKitLab;
			productReference = 0AE98C30294DD95B00ED65C9 /* UIKitLab.app */;
			productType = "com.apple.product-type.application";
		};
/* End PBXNativeTarget section */

/* Begin PBXProject section */
		0AE98C28294DD95B00ED65C9 /* Project object */ = {
			isa = PBXProject;
			attributes = {
				BuildIndependentTargetsInParallel = 1;
				LastSwiftUpdateCheck = 1410;
				LastUpgradeCheck = 1410;
				TargetAttributes = {
					0AE98C2F294DD95B00ED65C9 = {
						CreatedOnToolsVersion = 14.1;
					};
				};
			};
			buildConfigurationList = 0AE98C2B294DD95B00ED65C9 /* Build configuration list for PBXProject "UIKitLab" */;
			compatibilityVersion = "Xcode 14.0";
			developmentRegion = en;
			hasScannedForEncodings = 0;
			knownRegions = (
				en,
				Base,
			);
			mainGroup = 0AE98C27294DD95B00ED65C9;
			productRefGroup = 0AE98C31294DD95B00ED65C9 /* Products */;
			projectDirPath = "";
			projectRoot = "";
			targets = (
				0AE98C2F294DD95B00ED65C9 /* UIKitLab */,
			);
		};
/* End PBXProject section */

/* Begin PBXResourcesBuildPhase section */
		0AE98C2E294DD95B00ED65C9 /* Resources */ = {
			isa = PBXResourcesBuildPhase;
			buildActionMask = 2147483647;
			files = (
				83ABA2C6294FF2E600A2EC18 /* ThirdViewController.storyboard in Resources */,
				83B9B81E2962964A002B3BE4 /* LegoBlockViewController.storyboard in Resources */,
				0AE98C40294DD95D00ED65C9 /* LaunchScreen.storyboard in Resources */,
				0AE98C4D294DDE5E00ED65C9 /* SecondViewController.storyboard in Resources */,
				0AE98C3D294DD95D00ED65C9 /* Assets.xcassets in Resources */,
				83EFA323295A7CED00252575 /* LegoCollectionViewController.storyboard in Resources */,
				0AE98C3B294DD95B00ED65C9 /* Main.storyboard in Resources */,
			);
			runOnlyForDeploymentPostprocessing = 0;
		};
/* End PBXResourcesBuildPhase section */

/* Begin PBXSourcesBuildPhase section */
		0AE98C2C294DD95B00ED65C9 /* Sources */ = {
			isa = PBXSourcesBuildPhase;
			buildActionMask = 2147483647;
			files = (
				8331839829629AA10068A3CE /* LegoBlock.swift in Sources */,
				83318394296299CB0068A3CE /* LegoBlockCell.swift in Sources */,
				0AE98C4F294DDE8900ED65C9 /* DefaultViewController.swift in Sources */,
				83B9B81C29629366002B3BE4 /* LegoBlockViewController.swift in Sources */,
				0AE98C48294DD9F400ED65C9 /* BaseNavigationController.swift in Sources */,
				0AE98C38294DD95B00ED65C9 /* ViewController.swift in Sources */,
				83EFA31B295A78F500252575 /* LegoCollectionViewController.swift in Sources */,
				83EFA325295A8DB200252575 /* LegoCollectionModel.swift in Sources */,
				83318396296299D50068A3CE /* LegoBlockData.swift in Sources */,
				83ABA2C8294FF2F200A2EC18 /* ThirdViewController.swift in Sources */,
				83EFA327295A8F0700252575 /* LegoCollectionSupplymentaryView.swift in Sources */,
				0AE98C34294DD95B00ED65C9 /* AppDelegate.swift in Sources */,
				83EFA31F295A798900252575 /* LegoCollectionViewCellDelegate.swift in Sources */,
				83EFA31D295A791400252575 /* LegoCollectionViewCell.swift in Sources */,
				0AE98C4B294DDE2700ED65C9 /* SecondViewController.swift in Sources */,
				83318392296298080068A3CE /* LegoViewBlueprint.swift in Sources */,
				83EFA321295A7BB200252575 /* LegoCollectionViewModel.swift in Sources */,
				0AE98C36294DD95B00ED65C9 /* SceneDelegate.swift in Sources */,
			);
			runOnlyForDeploymentPostprocessing = 0;
		};
/* End PBXSourcesBuildPhase section */

/* Begin PBXVariantGroup section */
		0AE98C39294DD95B00ED65C9 /* Main.storyboard */ = {
			isa = PBXVariantGroup;
			children = (
				0AE98C3A294DD95B00ED65C9 /* Base */,
			);
			name = Main.storyboard;
			sourceTree = "<group>";
		};
		0AE98C3E294DD95D00ED65C9 /* LaunchScreen.storyboard */ = {
			isa = PBXVariantGroup;
			children = (
				0AE98C3F294DD95D00ED65C9 /* Base */,
			);
			name = LaunchScreen.storyboard;
			sourceTree = "<group>";
		};
/* End PBXVariantGroup section */

/* Begin XCBuildConfiguration section */
		0AE98C42294DD95D00ED65C9 /* Debug */ = {
			isa = XCBuildConfiguration;
			buildSettings = {
				ALWAYS_SEARCH_USER_PATHS = NO;
				CLANG_ANALYZER_NONNULL = YES;
				CLANG_ANALYZER_NUMBER_OBJECT_CONVERSION = YES_AGGRESSIVE;
				CLANG_CXX_LANGUAGE_STANDARD = "gnu++20";
				CLANG_ENABLE_MODULES = YES;
				CLANG_ENABLE_OBJC_ARC = YES;
				CLANG_ENABLE_OBJC_WEAK = YES;
				CLANG_WARN_BLOCK_CAPTURE_AUTORELEASING = YES;
				CLANG_WARN_BOOL_CONVERSION = YES;
				CLANG_WARN_COMMA = YES;
				CLANG_WARN_CONSTANT_CONVERSION = YES;
				CLANG_WARN_DEPRECATED_OBJC_IMPLEMENTATIONS = YES;
				CLANG_WARN_DIRECT_OBJC_ISA_USAGE = YES_ERROR;
				CLANG_WARN_DOCUMENTATION_COMMENTS = YES;
				CLANG_WARN_EMPTY_BODY = YES;
				CLANG_WARN_ENUM_CONVERSION = YES;
				CLANG_WARN_INFINITE_RECURSION = YES;
				CLANG_WARN_INT_CONVERSION = YES;
				CLANG_WARN_NON_LITERAL_NULL_CONVERSION = YES;
				CLANG_WARN_OBJC_IMPLICIT_RETAIN_SELF = YES;
				CLANG_WARN_OBJC_LITERAL_CONVERSION = YES;
				CLANG_WARN_OBJC_ROOT_CLASS = YES_ERROR;
				CLANG_WARN_QUOTED_INCLUDE_IN_FRAMEWORK_HEADER = YES;
				CLANG_WARN_RANGE_LOOP_ANALYSIS = YES;
				CLANG_WARN_STRICT_PROTOTYPES = YES;
				CLANG_WARN_SUSPICIOUS_MOVE = YES;
				CLANG_WARN_UNGUARDED_AVAILABILITY = YES_AGGRESSIVE;
				CLANG_WARN_UNREACHABLE_CODE = YES;
				CLANG_WARN__DUPLICATE_METHOD_MATCH = YES;
				COPY_PHASE_STRIP = NO;
				DEBUG_INFORMATION_FORMAT = dwarf;
				ENABLE_STRICT_OBJC_MSGSEND = YES;
				ENABLE_TESTABILITY = YES;
				GCC_C_LANGUAGE_STANDARD = gnu11;
				GCC_DYNAMIC_NO_PIC = NO;
				GCC_NO_COMMON_BLOCKS = YES;
				GCC_OPTIMIZATION_LEVEL = 0;
				GCC_PREPROCESSOR_DEFINITIONS = (
					"DEBUG=1",
					"$(inherited)",
				);
				GCC_WARN_64_TO_32_BIT_CONVERSION = YES;
				GCC_WARN_ABOUT_RETURN_TYPE = YES_ERROR;
				GCC_WARN_UNDECLARED_SELECTOR = YES;
				GCC_WARN_UNINITIALIZED_AUTOS = YES_AGGRESSIVE;
				GCC_WARN_UNUSED_FUNCTION = YES;
				GCC_WARN_UNUSED_VARIABLE = YES;
				IPHONEOS_DEPLOYMENT_TARGET = 13.0;
				MTL_ENABLE_DEBUG_INFO = INCLUDE_SOURCE;
				MTL_FAST_MATH = YES;
				ONLY_ACTIVE_ARCH = YES;
				SDKROOT = iphoneos;
				SWIFT_ACTIVE_COMPILATION_CONDITIONS = DEBUG;
				SWIFT_OPTIMIZATION_LEVEL = "-Onone";
			};
			name = Debug;
		};
		0AE98C43294DD95D00ED65C9 /* Release */ = {
			isa = XCBuildConfiguration;
			buildSettings = {
				ALWAYS_SEARCH_USER_PATHS = NO;
				CLANG_ANALYZER_NONNULL = YES;
				CLANG_ANALYZER_NUMBER_OBJECT_CONVERSION = YES_AGGRESSIVE;
				CLANG_CXX_LANGUAGE_STANDARD = "gnu++20";
				CLANG_ENABLE_MODULES = YES;
				CLANG_ENABLE_OBJC_ARC = YES;
				CLANG_ENABLE_OBJC_WEAK = YES;
				CLANG_WARN_BLOCK_CAPTURE_AUTORELEASING = YES;
				CLANG_WARN_BOOL_CONVERSION = YES;
				CLANG_WARN_COMMA = YES;
				CLANG_WARN_CONSTANT_CONVERSION = YES;
				CLANG_WARN_DEPRECATED_OBJC_IMPLEMENTATIONS = YES;
				CLANG_WARN_DIRECT_OBJC_ISA_USAGE = YES_ERROR;
				CLANG_WARN_DOCUMENTATION_COMMENTS = YES;
				CLANG_WARN_EMPTY_BODY = YES;
				CLANG_WARN_ENUM_CONVERSION = YES;
				CLANG_WARN_INFINITE_RECURSION = YES;
				CLANG_WARN_INT_CONVERSION = YES;
				CLANG_WARN_NON_LITERAL_NULL_CONVERSION = YES;
				CLANG_WARN_OBJC_IMPLICIT_RETAIN_SELF = YES;
				CLANG_WARN_OBJC_LITERAL_CONVERSION = YES;
				CLANG_WARN_OBJC_ROOT_CLASS = YES_ERROR;
				CLANG_WARN_QUOTED_INCLUDE_IN_FRAMEWORK_HEADER = YES;
				CLANG_WARN_RANGE_LOOP_ANALYSIS = YES;
				CLANG_WARN_STRICT_PROTOTYPES = YES;
				CLANG_WARN_SUSPICIOUS_MOVE = YES;
				CLANG_WARN_UNGUARDED_AVAILABILITY = YES_AGGRESSIVE;
				CLANG_WARN_UNREACHABLE_CODE = YES;
				CLANG_WARN__DUPLICATE_METHOD_MATCH = YES;
				COPY_PHASE_STRIP = NO;
				DEBUG_INFORMATION_FORMAT = "dwarf-with-dsym";
				ENABLE_NS_ASSERTIONS = NO;
				ENABLE_STRICT_OBJC_MSGSEND = YES;
				GCC_C_LANGUAGE_STANDARD = gnu11;
				GCC_NO_COMMON_BLOCKS = YES;
				GCC_WARN_64_TO_32_BIT_CONVERSION = YES;
				GCC_WARN_ABOUT_RETURN_TYPE = YES_ERROR;
				GCC_WARN_UNDECLARED_SELECTOR = YES;
				GCC_WARN_UNINITIALIZED_AUTOS = YES_AGGRESSIVE;
				GCC_WARN_UNUSED_FUNCTION = YES;
				GCC_WARN_UNUSED_VARIABLE = YES;
				IPHONEOS_DEPLOYMENT_TARGET = 13.0;
				MTL_ENABLE_DEBUG_INFO = NO;
				MTL_FAST_MATH = YES;
				SDKROOT = iphoneos;
				SWIFT_COMPILATION_MODE = wholemodule;
				SWIFT_OPTIMIZATION_LEVEL = "-O";
				VALIDATE_PRODUCT = YES;
			};
			name = Release;
		};
		0AE98C45294DD95D00ED65C9 /* Debug */ = {
			isa = XCBuildConfiguration;
			buildSettings = {
				ASSETCATALOG_COMPILER_APPICON_NAME = AppIcon;
				ASSETCATALOG_COMPILER_GLOBAL_ACCENT_COLOR_NAME = AccentColor;
				CODE_SIGN_STYLE = Automatic;
				CURRENT_PROJECT_VERSION = 1;
				DEVELOPMENT_TEAM = 6RH52NKDR6;
				GENERATE_INFOPLIST_FILE = YES;
				INFOPLIST_FILE = UIKitLab/Info.plist;
				INFOPLIST_KEY_UIApplicationSupportsIndirectInputEvents = YES;
				INFOPLIST_KEY_UILaunchStoryboardName = LaunchScreen;
				INFOPLIST_KEY_UIMainStoryboardFile = Main;
				INFOPLIST_KEY_UISupportedInterfaceOrientations_iPad = "UIInterfaceOrientationPortrait UIInterfaceOrientationPortraitUpsideDown UIInterfaceOrientationLandscapeLeft UIInterfaceOrientationLandscapeRight";
				INFOPLIST_KEY_UISupportedInterfaceOrientations_iPhone = "UIInterfaceOrientationPortrait UIInterfaceOrientationLandscapeLeft UIInterfaceOrientationLandscapeRight";
				IPHONEOS_DEPLOYMENT_TARGET = 13.0;
				LD_RUNPATH_SEARCH_PATHS = (
					"$(inherited)",
					"@executable_path/Frameworks",
				);
				MARKETING_VERSION = 1.0;
				PRODUCT_BUNDLE_IDENTIFIER = com.bowon.houstonPark.UIKitLab;
				PRODUCT_NAME = "$(TARGET_NAME)";
				SWIFT_EMIT_LOC_STRINGS = YES;
				SWIFT_VERSION = 5.0;
				TARGETED_DEVICE_FAMILY = "1,2";
			};
			name = Debug;
		};
		0AE98C46294DD95D00ED65C9 /* Release */ = {
			isa = XCBuildConfiguration;
			buildSettings = {
				ASSETCATALOG_COMPILER_APPICON_NAME = AppIcon;
				ASSETCATALOG_COMPILER_GLOBAL_ACCENT_COLOR_NAME = AccentColor;
				CODE_SIGN_STYLE = Automatic;
				CURRENT_PROJECT_VERSION = 1;
				DEVELOPMENT_TEAM = 6RH52NKDR6;
				GENERATE_INFOPLIST_FILE = YES;
				INFOPLIST_FILE = UIKitLab/Info.plist;
				INFOPLIST_KEY_UIApplicationSupportsIndirectInputEvents = YES;
				INFOPLIST_KEY_UILaunchStoryboardName = LaunchScreen;
				INFOPLIST_KEY_UIMainStoryboardFile = Main;
				INFOPLIST_KEY_UISupportedInterfaceOrientations_iPad = "UIInterfaceOrientationPortrait UIInterfaceOrientationPortraitUpsideDown UIInterfaceOrientationLandscapeLeft UIInterfaceOrientationLandscapeRight";
				INFOPLIST_KEY_UISupportedInterfaceOrientations_iPhone = "UIInterfaceOrientationPortrait UIInterfaceOrientationLandscapeLeft UIInterfaceOrientationLandscapeRight";
				IPHONEOS_DEPLOYMENT_TARGET = 13.0;
				LD_RUNPATH_SEARCH_PATHS = (
					"$(inherited)",
					"@executable_path/Frameworks",
				);
				MARKETING_VERSION = 1.0;
				PRODUCT_BUNDLE_IDENTIFIER = com.bowon.houstonPark.UIKitLab;
				PRODUCT_NAME = "$(TARGET_NAME)";
				SWIFT_EMIT_LOC_STRINGS = YES;
				SWIFT_VERSION = 5.0;
				TARGETED_DEVICE_FAMILY = "1,2";
			};
			name = Release;
		};
/* End XCBuildConfiguration section */

/* Begin XCConfigurationList section */
		0AE98C2B294DD95B00ED65C9 /* Build configuration list for PBXProject "UIKitLab" */ = {
			isa = XCConfigurationList;
			buildConfigurations = (
				0AE98C42294DD95D00ED65C9 /* Debug */,
				0AE98C43294DD95D00ED65C9 /* Release */,
			);
			defaultConfigurationIsVisible = 0;
			defaultConfigurationName = Release;
		};
		0AE98C44294DD95D00ED65C9 /* Build configuration list for PBXNativeTarget "UIKitLab" */ = {
			isa = XCConfigurationList;
			buildConfigurations = (
				0AE98C45294DD95D00ED65C9 /* Debug */,
				0AE98C46294DD95D00ED65C9 /* Release */,
			);
			defaultConfigurationIsVisible = 0;
			defaultConfigurationName = Release;
		};
/* End XCConfigurationList section */
	};
	rootObject = 0AE98C28294DD95B00ED65C9 /* Project object */;
}
